
Microsoft Visual Studio Solution File, Format Version 12.00
# Visual Studio Version 16
VisualStudioVersion = 16.0.31129.286
MinimumVisualStudioVersion = 10.0.40219.1
Project("{FAE04EC0-301F-11D3-BF4B-00C04F79EFBC}") = "Rougelike", "Rougelike\Rougelike.csproj", "{B564B95E-86E8-44B7-8711-1435CAA4E054}"
EndProject
Global
	GlobalSection(SolutionConfigurationPlatforms) = preSolution
		Debug|Any CPU = Debug|Any CPU
		Release|Any CPU = Release|Any CPU
	EndGlobalSection
	GlobalSection(ProjectConfigurationPlatforms) = postSolution
		{B564B95E-86E8-44B7-8711-1435CAA4E054}.Debug|Any CPU.ActiveCfg = Debug|Any CPU
		{B564B95E-86E8-44B7-8711-1435CAA4E054}.Debug|Any CPU.Build.0 = Debug|Any CPU
		{B564B95E-86E8-44B7-8711-1435CAA4E054}.Release|Any CPU.ActiveCfg = Release|Any CPU
		{B564B95E-86E8-44B7-8711-1435CAA4E054}.Release|Any CPU.Build.0 = Release|Any CPU
	EndGlobalSection
	GlobalSection(SolutionProperties) = preSolution
		HideSolutionNode = FALSE
	EndGlobalSection
	GlobalSection(ExtensibilityGlobals) = postSolution
		SolutionGuid = {C92BCB1F-A38D-425E-89CB-79A09798964C}
	EndGlobalSection
EndGlobal
